{
  "name": "game1",
  "lockfileVersion": 2,
  "requires": true,
  "packages": {
    "": {
      "dependencies": {
        "chalk": "^5.2.0"
      },
      "devDependencies": {
        "prettier": "^2.8.7",
        "typescript": "^4.9.5",
        "zilch-game-engine": "https://play.zilch.local/zilch-game-engine/package.tgz"
      }
    },
    "node_modules/@babel/runtime": {
      "version": "7.21.0",
      "resolved": "https://registry.npmjs.org/@babel/runtime/-/runtime-7.21.0.tgz",
      "integrity": "sha512-xwII0//EObnq89Ji5AKYQaRYiW/nZ3llSv29d49IuxPhKbtJoLP+9QUUZ4nVragQVtaVGeZrpB+ZtG/Pdy/POw==",
      "dev": true,
      "dependencies": {
        "regenerator-runtime": "^0.13.11"
      },
      "engines": {
        "node": ">=6.9.0"
      }
    },
    "node_modules/@esbuild/darwin-arm64": {
      "version": "0.17.5",
      "resolved": "https://registry.npmjs.org/@esbuild/darwin-arm64/-/darwin-arm64-0.17.5.tgz",
      "integrity": "sha512-EAvaoyIySV6Iif3NQCglUNpnMfHSUgC5ugt2efl3+QDntucJe5spn0udNZjTgNi6tKVqSceOw9tQ32liNZc1Xw==",
      "cpu": [
        "arm64"
      ],
      "dev": true,
      "optional": true,
      "os": [
        "darwin"
      ],
      "engines": {
        "node": ">=12"
      }
    },
    "node_modules/@types/json-schema": {
      "version": "7.0.11",
      "resolved": "https://registry.npmjs.org/@types/json-schema/-/json-schema-7.0.11.tgz",
      "integrity": "sha512-wOuvG1SN4Us4rez+tylwwwCV1psiNVOkJeM3AUWUNWg/jDQY2+HE/444y5gc+jBmRqASOm2Oeh5c1axHobwRKQ==",
      "dev": true
    },
    "node_modules/chalk": {
      "version": "5.2.0",
      "resolved": "https://registry.npmjs.org/chalk/-/chalk-5.2.0.tgz",
      "integrity": "sha512-ree3Gqw/nazQAPuJJEy+avdl7QfZMcUvmHIKgEZkGL+xOBzRvup5Hxo6LHuMceSxOabuJLJm5Yp/92R9eMmMvA==",
      "engines": {
        "node": "^12.17.0 || ^14.13 || >=16.0.0"
      },
      "funding": {
        "url": "https://github.com/chalk/chalk?sponsor=1"
      }
    },
    "node_modules/esbuild": {
      "version": "0.17.5",
      "resolved": "https://registry.npmjs.org/esbuild/-/esbuild-0.17.5.tgz",
      "integrity": "sha512-Bu6WLCc9NMsNoMJUjGl3yBzTjVLXdysMltxQWiLAypP+/vQrf+3L1Xe8fCXzxaECus2cEJ9M7pk4yKatEwQMqQ==",
      "dev": true,
      "hasInstallScript": true,
      "bin": {
        "esbuild": "bin/esbuild"
      },
      "engines": {
        "node": ">=12"
      },
      "optionalDependencies": {
        "@esbuild/android-arm": "0.17.5",
        "@esbuild/android-arm64": "0.17.5",
        "@esbuild/android-x64": "0.17.5",
        "@esbuild/darwin-arm64": "0.17.5",
        "@esbuild/darwin-x64": "0.17.5",
        "@esbuild/freebsd-arm64": "0.17.5",
        "@esbuild/freebsd-x64": "0.17.5",
        "@esbuild/linux-arm": "0.17.5",
        "@esbuild/linux-arm64": "0.17.5",
        "@esbuild/linux-ia32": "0.17.5",
        "@esbuild/linux-loong64": "0.17.5",
        "@esbuild/linux-mips64el": "0.17.5",
        "@esbuild/linux-ppc64": "0.17.5",
        "@esbuild/linux-riscv64": "0.17.5",
        "@esbuild/linux-s390x": "0.17.5",
        "@esbuild/linux-x64": "0.17.5",
        "@esbuild/netbsd-x64": "0.17.5",
        "@esbuild/openbsd-x64": "0.17.5",
        "@esbuild/sunos-x64": "0.17.5",
        "@esbuild/win32-arm64": "0.17.5",
        "@esbuild/win32-ia32": "0.17.5",
        "@esbuild/win32-x64": "0.17.5"
      }
    },
    "node_modules/json-schema-to-ts": {
      "version": "2.8.0",
      "resolved": "https://registry.npmjs.org/json-schema-to-ts/-/json-schema-to-ts-2.8.0.tgz",
      "integrity": "sha512-fNAnQ6N0a/0rJlqkzKBdb+5EnMgcKTlrAwMLg3adlKRTT1uNNT4ziqwBzMhj4vp768pO9PoQzZcUyv3QWmD0pQ==",
      "dev": true,
      "dependencies": {
        "@babel/runtime": "^7.18.3",
        "@types/json-schema": "^7.0.9",
        "ts-algebra": "^1.2.0"
      },
      "engines": {
        "node": ">=16"
      }
    },
    "node_modules/prettier": {
      "version": "2.8.7",
      "resolved": "https://registry.npmjs.org/prettier/-/prettier-2.8.7.tgz",
      "integrity": "sha512-yPngTo3aXUUmyuTjeTUT75txrf+aMh9FiD7q9ZE/i6r0bPb22g4FsE6Y338PQX1bmfy08i9QQCB7/rcUAVntfw==",
      "dev": true,
      "bin": {
        "prettier": "bin-prettier.js"
      },
      "engines": {
        "node": ">=10.13.0"
      },
      "funding": {
        "url": "https://github.com/prettier/prettier?sponsor=1"
      }
    },
    "node_modules/regenerator-runtime": {
      "version": "0.13.11",
      "resolved": "https://registry.npmjs.org/regenerator-runtime/-/regenerator-runtime-0.13.11.tgz",
      "integrity": "sha512-kY1AZVr2Ra+t+piVaJ4gxaFaReZVH40AKNo7UCX6W+dEwBo/2oZJzqfuN1qLq1oL45o56cPaTXELwrTh8Fpggg==",
      "dev": true
    },
    "node_modules/ts-algebra": {
      "version": "1.2.0",
      "resolved": "https://registry.npmjs.org/ts-algebra/-/ts-algebra-1.2.0.tgz",
      "integrity": "sha512-kMuJJd8B2N/swCvIvn1hIFcIOrLGbWl9m/J6O3kHx9VRaevh00nvgjPiEGaRee7DRaAczMYR2uwWvXU22VFltw==",
      "dev": true
    },
    "node_modules/typescript": {
      "version": "4.9.5",
      "resolved": "https://registry.npmjs.org/typescript/-/typescript-4.9.5.tgz",
      "integrity": "sha512-1FXk9E2Hm+QzZQ7z+McJiHL4NW1F2EzMu9Nq9i3zAaGqibafqYwCVU6WyWAuyQRRzOlxou8xZSyXLEN8oKj24g==",
      "dev": true,
      "bin": {
        "tsc": "bin/tsc",
        "tsserver": "bin/tsserver"
      },
      "engines": {
        "node": ">=4.2.0"
      }
    },
    "node_modules/zilch-game-engine": {
      "version": "0.0.0",
      "resolved": "https://play.zilch.local/zilch-game-engine/package.tgz",
      "integrity": "sha512-SsEw8Bn15KYS4DsIAaa4S+nOex/xX9WRx3XNfW6fsnzSbM4pIyp2l4qyg9RsQHBM2/y5Fy4RqBokdRC/Z+V6JQ==",
      "dev": true,
      "dependencies": {
        "esbuild": "=0.17.5",
        "json-schema-to-ts": "=2.8.0"
      },
      "bin": {
        "zilch-game-engine": "cli.js"
      }
    }
  },
  "dependencies": {
    "@babel/runtime": {
      "version": "7.21.0",
      "resolved": "https://registry.npmjs.org/@babel/runtime/-/runtime-7.21.0.tgz",
      "integrity": "sha512-xwII0//EObnq89Ji5AKYQaRYiW/nZ3llSv29d49IuxPhKbtJoLP+9QUUZ4nVragQVtaVGeZrpB+ZtG/Pdy/POw==",
      "dev": true,
      "requires": {
        "regenerator-runtime": "^0.13.11"
      }
    },
    "@esbuild/darwin-arm64": {
      "version": "0.17.5",
      "resolved": "https://registry.npmjs.org/@esbuild/darwin-arm64/-/darwin-arm64-0.17.5.tgz",
      "integrity": "sha512-EAvaoyIySV6Iif3NQCglUNpnMfHSUgC5ugt2efl3+QDntucJe5spn0udNZjTgNi6tKVqSceOw9tQ32liNZc1Xw==",
      "dev": true,
      "optional": true
    },
    "@types/json-schema": {
      "version": "7.0.11",
      "resolved": "https://registry.npmjs.org/@types/json-schema/-/json-schema-7.0.11.tgz",
      "integrity": "sha512-wOuvG1SN4Us4rez+tylwwwCV1psiNVOkJeM3AUWUNWg/jDQY2+HE/444y5gc+jBmRqASOm2Oeh5c1axHobwRKQ==",
      "dev": true
    },
    "chalk": {
      "version": "5.2.0",
      "resolved": "https://registry.npmjs.org/chalk/-/chalk-5.2.0.tgz",
      "integrity": "sha512-ree3Gqw/nazQAPuJJEy+avdl7QfZMcUvmHIKgEZkGL+xOBzRvup5Hxo6LHuMceSxOabuJLJm5Yp/92R9eMmMvA=="
    },
    "esbuild": {
      "version": "0.17.5",
      "resolved": "https://registry.npmjs.org/esbuild/-/esbuild-0.17.5.tgz",
      "integrity": "sha512-Bu6WLCc9NMsNoMJUjGl3yBzTjVLXdysMltxQWiLAypP+/vQrf+3L1Xe8fCXzxaECus2cEJ9M7pk4yKatEwQMqQ==",
      "dev": true,
      "requires": {
        "@esbuild/android-arm": "0.17.5",
        "@esbuild/android-arm64": "0.17.5",
        "@esbuild/android-x64": "0.17.5",
        "@esbuild/darwin-arm64": "0.17.5",
        "@esbuild/darwin-x64": "0.17.5",
        "@esbuild/freebsd-arm64": "0.17.5",
        "@esbuild/freebsd-x64": "0.17.5",
        "@esbuild/linux-arm": "0.17.5",
        "@esbuild/linux-arm64": "0.17.5",
        "@esbuild/linux-ia32": "0.17.5",
        "@esbuild/linux-loong64": "0.17.5",
        "@esbuild/linux-mips64el": "0.17.5",
        "@esbuild/linux-ppc64": "0.17.5",
        "@esbuild/linux-riscv64": "0.17.5",
        "@esbuild/linux-s390x": "0.17.5",
        "@esbuild/linux-x64": "0.17.5",
        "@esbuild/netbsd-x64": "0.17.5",
        "@esbuild/openbsd-x64": "0.17.5",
        "@esbuild/sunos-x64": "0.17.5",
        "@esbuild/win32-arm64": "0.17.5",
        "@esbuild/win32-ia32": "0.17.5",
        "@esbuild/win32-x64": "0.17.5"
      }
    },
    "json-schema-to-ts": {
      "version": "2.8.0",
      "resolved": "https://registry.npmjs.org/json-schema-to-ts/-/json-schema-to-ts-2.8.0.tgz",
      "integrity": "sha512-fNAnQ6N0a/0rJlqkzKBdb+5EnMgcKTlrAwMLg3adlKRTT1uNNT4ziqwBzMhj4vp768pO9PoQzZcUyv3QWmD0pQ==",
      "dev": true,
      "requires": {
        "@babel/runtime": "^7.18.3",
        "@types/json-schema": "^7.0.9",
        "ts-algebra": "^1.2.0"
      }
    },
    "prettier": {
      "version": "2.8.7",
      "resolved": "https://registry.npmjs.org/prettier/-/prettier-2.8.7.tgz",
      "integrity": "sha512-yPngTo3aXUUmyuTjeTUT75txrf+aMh9FiD7q9ZE/i6r0bPb22g4FsE6Y338PQX1bmfy08i9QQCB7/rcUAVntfw==",
      "dev": true
    },
    "regenerator-runtime": {
      "version": "0.13.11",
      "resolved": "https://registry.npmjs.org/regenerator-runtime/-/regenerator-runtime-0.13.11.tgz",
      "integrity": "sha512-kY1AZVr2Ra+t+piVaJ4gxaFaReZVH40AKNo7UCX6W+dEwBo/2oZJzqfuN1qLq1oL45o56cPaTXELwrTh8Fpggg==",
      "dev": true
    },
    "ts-algebra": {
      "version": "1.2.0",
      "resolved": "https://registry.npmjs.org/ts-algebra/-/ts-algebra-1.2.0.tgz",
      "integrity": "sha512-kMuJJd8B2N/swCvIvn1hIFcIOrLGbWl9m/J6O3kHx9VRaevh00nvgjPiEGaRee7DRaAczMYR2uwWvXU22VFltw==",
      "dev": true
    },
    "typescript": {
      "version": "4.9.5",
      "resolved": "https://registry.npmjs.org/typescript/-/typescript-4.9.5.tgz",
      "integrity": "sha512-1FXk9E2Hm+QzZQ7z+McJiHL4NW1F2EzMu9Nq9i3zAaGqibafqYwCVU6WyWAuyQRRzOlxou8xZSyXLEN8oKj24g==",
      "dev": true
    },
    "zilch-game-engine": {
      "version": "https://play.zilch.local/zilch-game-engine/package.tgz",
      "integrity": "sha512-SsEw8Bn15KYS4DsIAaa4S+nOex/xX9WRx3XNfW6fsnzSbM4pIyp2l4qyg9RsQHBM2/y5Fy4RqBokdRC/Z+V6JQ==",
      "dev": true,
      "requires": {
        "esbuild": "=0.17.5",
        "json-schema-to-ts": "=2.8.0"
      }
    }
  }
}
