{
  "name": "game1",
  "lockfileVersion": 2,
  "requires": true,
  "packages": {
    "": {
      "devDependencies": {
        "prettier": "^2.8.7",
        "typescript": "^4.9.5",
        "zilch-game-engine": "https://play.zilch.local/zilch-game-engine/package.tgz"
      }
    },
    "node_modules/@esbuild/darwin-arm64": {
      "version": "0.17.5",
      "resolved": "https://registry.npmjs.org/@esbuild/darwin-arm64/-/darwin-arm64-0.17.5.tgz",
      "integrity": "sha512-EAvaoyIySV6Iif3NQCglUNpnMfHSUgC5ugt2efl3+QDntucJe5spn0udNZjTgNi6tKVqSceOw9tQ32liNZc1Xw==",
      "cpu": [
        "arm64"
      ],
      "dev": true,
      "optional": true,
      "os": [
        "darwin"
      ],
      "engines": {
        "node": ">=12"
      }
    },
    "node_modules/esbuild": {
      "version": "0.17.5",
      "resolved": "https://registry.npmjs.org/esbuild/-/esbuild-0.17.5.tgz",
      "integrity": "sha512-Bu6WLCc9NMsNoMJUjGl3yBzTjVLXdysMltxQWiLAypP+/vQrf+3L1Xe8fCXzxaECus2cEJ9M7pk4yKatEwQMqQ==",
      "dev": true,
      "hasInstallScript": true,
      "bin": {
        "esbuild": "bin/esbuild"
      },
      "engines": {
        "node": ">=12"
      },
      "optionalDependencies": {
        "@esbuild/android-arm": "0.17.5",
        "@esbuild/android-arm64": "0.17.5",
        "@esbuild/android-x64": "0.17.5",
        "@esbuild/darwin-arm64": "0.17.5",
        "@esbuild/darwin-x64": "0.17.5",
        "@esbuild/freebsd-arm64": "0.17.5",
        "@esbuild/freebsd-x64": "0.17.5",
        "@esbuild/linux-arm": "0.17.5",
        "@esbuild/linux-arm64": "0.17.5",
        "@esbuild/linux-ia32": "0.17.5",
        "@esbuild/linux-loong64": "0.17.5",
        "@esbuild/linux-mips64el": "0.17.5",
        "@esbuild/linux-ppc64": "0.17.5",
        "@esbuild/linux-riscv64": "0.17.5",
        "@esbuild/linux-s390x": "0.17.5",
        "@esbuild/linux-x64": "0.17.5",
        "@esbuild/netbsd-x64": "0.17.5",
        "@esbuild/openbsd-x64": "0.17.5",
        "@esbuild/sunos-x64": "0.17.5",
        "@esbuild/win32-arm64": "0.17.5",
        "@esbuild/win32-ia32": "0.17.5",
        "@esbuild/win32-x64": "0.17.5"
      }
    },
    "node_modules/prettier": {
      "version": "2.8.7",
      "resolved": "https://registry.npmjs.org/prettier/-/prettier-2.8.7.tgz",
      "integrity": "sha512-yPngTo3aXUUmyuTjeTUT75txrf+aMh9FiD7q9ZE/i6r0bPb22g4FsE6Y338PQX1bmfy08i9QQCB7/rcUAVntfw==",
      "dev": true,
      "bin": {
        "prettier": "bin-prettier.js"
      },
      "engines": {
        "node": ">=10.13.0"
      },
      "funding": {
        "url": "https://github.com/prettier/prettier?sponsor=1"
      }
    },
    "node_modules/typescript": {
      "version": "4.9.5",
      "resolved": "https://registry.npmjs.org/typescript/-/typescript-4.9.5.tgz",
      "integrity": "sha512-1FXk9E2Hm+QzZQ7z+McJiHL4NW1F2EzMu9Nq9i3zAaGqibafqYwCVU6WyWAuyQRRzOlxou8xZSyXLEN8oKj24g==",
      "dev": true,
      "bin": {
        "tsc": "bin/tsc",
        "tsserver": "bin/tsserver"
      },
      "engines": {
        "node": ">=4.2.0"
      }
    },
    "node_modules/zilch-game-engine": {
      "version": "0.0.0",
      "resolved": "https://play.zilch.local/zilch-game-engine/package.tgz",
      "integrity": "sha512-MzQgEn5LmgxygW+J2Jx6Jdu/BcJKTjILqJSnzTGTrk8xSssVPInyjBrM2UAXuWz5UUiiTLJOqPLhFk+nwkotfQ==",
      "dev": true,
      "dependencies": {
        "esbuild": "=0.17.5"
      },
      "bin": {
        "zilch-game-engine": "cli.js"
      }
    }
  },
  "dependencies": {
    "@esbuild/darwin-arm64": {
      "version": "0.17.5",
      "resolved": "https://registry.npmjs.org/@esbuild/darwin-arm64/-/darwin-arm64-0.17.5.tgz",
      "integrity": "sha512-EAvaoyIySV6Iif3NQCglUNpnMfHSUgC5ugt2efl3+QDntucJe5spn0udNZjTgNi6tKVqSceOw9tQ32liNZc1Xw==",
      "dev": true,
      "optional": true
    },
    "esbuild": {
      "version": "0.17.5",
      "resolved": "https://registry.npmjs.org/esbuild/-/esbuild-0.17.5.tgz",
      "integrity": "sha512-Bu6WLCc9NMsNoMJUjGl3yBzTjVLXdysMltxQWiLAypP+/vQrf+3L1Xe8fCXzxaECus2cEJ9M7pk4yKatEwQMqQ==",
      "dev": true,
      "requires": {
        "@esbuild/android-arm": "0.17.5",
        "@esbuild/android-arm64": "0.17.5",
        "@esbuild/android-x64": "0.17.5",
        "@esbuild/darwin-arm64": "0.17.5",
        "@esbuild/darwin-x64": "0.17.5",
        "@esbuild/freebsd-arm64": "0.17.5",
        "@esbuild/freebsd-x64": "0.17.5",
        "@esbuild/linux-arm": "0.17.5",
        "@esbuild/linux-arm64": "0.17.5",
        "@esbuild/linux-ia32": "0.17.5",
        "@esbuild/linux-loong64": "0.17.5",
        "@esbuild/linux-mips64el": "0.17.5",
        "@esbuild/linux-ppc64": "0.17.5",
        "@esbuild/linux-riscv64": "0.17.5",
        "@esbuild/linux-s390x": "0.17.5",
        "@esbuild/linux-x64": "0.17.5",
        "@esbuild/netbsd-x64": "0.17.5",
        "@esbuild/openbsd-x64": "0.17.5",
        "@esbuild/sunos-x64": "0.17.5",
        "@esbuild/win32-arm64": "0.17.5",
        "@esbuild/win32-ia32": "0.17.5",
        "@esbuild/win32-x64": "0.17.5"
      }
    },
    "prettier": {
      "version": "2.8.7",
      "resolved": "https://registry.npmjs.org/prettier/-/prettier-2.8.7.tgz",
      "integrity": "sha512-yPngTo3aXUUmyuTjeTUT75txrf+aMh9FiD7q9ZE/i6r0bPb22g4FsE6Y338PQX1bmfy08i9QQCB7/rcUAVntfw==",
      "dev": true
    },
    "typescript": {
      "version": "4.9.5",
      "resolved": "https://registry.npmjs.org/typescript/-/typescript-4.9.5.tgz",
      "integrity": "sha512-1FXk9E2Hm+QzZQ7z+McJiHL4NW1F2EzMu9Nq9i3zAaGqibafqYwCVU6WyWAuyQRRzOlxou8xZSyXLEN8oKj24g==",
      "dev": true
    },
    "zilch-game-engine": {
      "version": "https://play.zilch.local/zilch-game-engine/package.tgz",
      "integrity": "sha512-MzQgEn5LmgxygW+J2Jx6Jdu/BcJKTjILqJSnzTGTrk8xSssVPInyjBrM2UAXuWz5UUiiTLJOqPLhFk+nwkotfQ==",
      "dev": true,
      "requires": {
        "esbuild": "=0.17.5"
      }
    }
  }
}
